{
  "name": "Portfolio",
  "lockfileVersion": 2,
  "requires": true,
  "packages": {
    "": {
      "dependencies": {
        "@rive-app/canvas": "^1.0.65"
      }
    },
    "node_modules/@rive-app/canvas": {
      "version": "1.0.65",
      "resolved": "https://registry.npmjs.org/@rive-app/canvas/-/canvas-1.0.65.tgz",
      "integrity": "sha512-Hk48sFtUn0nRTwllkz5GInBfWzBXO/JgWo7FW7nkQLE3bBvTCSPkk7mhcB1fGUcenFR/OJpn2VSDu8yn6IenOQ=="
    }
  },
  "dependencies": {
    "@rive-app/canvas": {
      "version": "1.0.65",
      "resolved": "https://registry.npmjs.org/@rive-app/canvas/-/canvas-1.0.65.tgz",
      "integrity": "sha512-Hk48sFtUn0nRTwllkz5GInBfWzBXO/JgWo7FW7nkQLE3bBvTCSPkk7mhcB1fGUcenFR/OJpn2VSDu8yn6IenOQ=="
    }
  }
}
